<?xml version="1.0" encoding="utf-8"?>
<Project ToolsVersion="4.0" xmlns="http://schemas.microsoft.com/developer/msbuild/2003">
  <ItemGroup>
    <ClCompile Include="std_include.cpp" />
    <ClCompile Include="zonetool\utils\s3tc.cpp">
      <Filter>zonetool\utils</Filter>
    </ClCompile>
    <ClCompile Include="zonetool\utils\csv.cpp">
      <Filter>zonetool\utils</Filter>
    </ClCompile>
  </ItemGroup>
  <ItemGroup>
    <ClInclude Include="std_include.hpp" />
    <ClInclude Include="zonetool\utils\json.hpp">
      <Filter>zonetool\utils</Filter>
    </ClInclude>
    <ClInclude Include="zonetool\utils\s3tc.hpp">
      <Filter>zonetool\utils</Filter>
    </ClInclude>
    <ClInclude Include="zonetool\utils\utils.hpp">
      <Filter>zonetool\utils</Filter>
    </ClInclude>
    <ClInclude Include="zonetool\utils\csv.hpp">
      <Filter>zonetool\utils</Filter>
    </ClInclude>
    <ClInclude Include="zonetool\structs.hpp">
      <Filter>zonetool</Filter>
    </ClInclude>
  </ItemGroup>
  <ItemGroup>
    <Filter Include="zonetool">
      <UniqueIdentifier>{0df40e0e-43ef-4161-ac5a-09995f8eb1af}</UniqueIdentifier>
    </Filter>
    <Filter Include="zonetool\assets">
      <UniqueIdentifier>{8132cad3-72f8-4639-a199-b36d788b291f}</UniqueIdentifier>
    </Filter>
    <Filter Include="zonetool\utils">
      <UniqueIdentifier>{f13347bf-089f-4ceb-81fb-995017905338}</UniqueIdentifier>
    </Filter>
    <Filter Include="zonetool\utils\io">
      <UniqueIdentifier>{cddb3843-fa84-4179-9c82-3a6765b27b5c}</UniqueIdentifier>
    </Filter>
  </ItemGroup>
</Project>